
Microsoft Visual Studio Solution File, Format Version 12.00
# Visual Studio Version 16
VisualStudioVersion = 16.0.33214.272
MinimumVisualStudioVersion = 10.0.40219.1
Project("{2150E333-8FDC-42A3-9474-1A3956D46DE8}") = "Doc", "Doc", "{DDA41C0A-E54F-4DEA-8679-C07464CD6A99}"
EndProject
Project("{2150E333-8FDC-42A3-9474-1A3956D46DE8}") = "Src", "Src", "{B3169115-3E98-452C-AEAD-4F2362E7C892}"
EndProject
Project("{2150E333-8FDC-42A3-9474-1A3956D46DE8}") = "Test", "Test", "{6EDE3854-4AFF-4EC1-B995-977BA30E09AF}"
EndProject
Project("{2150E333-8FDC-42A3-9474-1A3956D46DE8}") = "Common", "Common", "{099080C0-1F5D-4C79-9F3D-AC910E6598B0}"
EndProject
Project("{2150E333-8FDC-42A3-9474-1A3956D46DE8}") = "Core", "Core", "{A3FC6F5E-289C-4E4A-9049-1C25E3ABDF98}"
EndProject
Project("{2150E333-8FDC-42A3-9474-1A3956D46DE8}") = "Infrastructure", "Infrastructure", "{7EFB9464-71D5-4607-B4AF-2669C31266A2}"
EndProject
Project("{2150E333-8FDC-42A3-9474-1A3956D46DE8}") = "Presentation", "Presentation", "{317025AC-9C65-4BE9-8BAD-B088F7505ACB}"
EndProject
Project("{FAE04EC0-301F-11D3-BF4B-00C04F79EFBC}") = "ShoppingSite.Domain", "ShoppingSite.Domain\ShoppingSite.Domain.csproj", "{28AC0E47-C74C-4F22-AEB1-52B81B4E2A3F}"
EndProject
Project("{FAE04EC0-301F-11D3-BF4B-00C04F79EFBC}") = "ShoppingSite.Application", "ShoppingSite.Application\ShoppingSite.Application.csproj", "{7200B5D2-F2ED-42C2-A62B-1A60063EE064}"
EndProject
Project("{FAE04EC0-301F-11D3-BF4B-00C04F79EFBC}") = "ShoppingSite.Infrastructure", "ShoppingSite.Infrastructure\ShoppingSite.Infrastructure.csproj", "{54E0F399-3AF0-4152-994F-0B7550B98DEB}"
EndProject
Project("{FAE04EC0-301F-11D3-BF4B-00C04F79EFBC}") = "ShoppingSite.Persistance", "ShoppingSite.Persistance\ShoppingSite.Persistance.csproj", "{33097BCA-5400-4379-8CD9-BF091FB526C1}"
EndProject
Project("{FAE04EC0-301F-11D3-BF4B-00C04F79EFBC}") = "ShoppingSite.Common", "ShoppingSite.Common\ShoppingSite.Common.csproj", "{DEB40D68-5682-444B-BE87-9274722B9F57}"
EndProject
Project("{FAE04EC0-301F-11D3-BF4B-00C04F79EFBC}") = "EndPoint.Site", "EndPoint.Site\EndPoint.Site.csproj", "{38465876-2601-4C84-A9D1-423DEC532232}"
EndProject
Global
	GlobalSection(SolutionConfigurationPlatforms) = preSolution
		Debug|Any CPU = Debug|Any CPU
		Release|Any CPU = Release|Any CPU
	EndGlobalSection
	GlobalSection(ProjectConfigurationPlatforms) = postSolution
		{28AC0E47-C74C-4F22-AEB1-52B81B4E2A3F}.Debug|Any CPU.ActiveCfg = Debug|Any CPU
		{28AC0E47-C74C-4F22-AEB1-52B81B4E2A3F}.Debug|Any CPU.Build.0 = Debug|Any CPU
		{28AC0E47-C74C-4F22-AEB1-52B81B4E2A3F}.Release|Any CPU.ActiveCfg = Release|Any CPU
		{28AC0E47-C74C-4F22-AEB1-52B81B4E2A3F}.Release|Any CPU.Build.0 = Release|Any CPU
		{7200B5D2-F2ED-42C2-A62B-1A60063EE064}.Debug|Any CPU.ActiveCfg = Debug|Any CPU
		{7200B5D2-F2ED-42C2-A62B-1A60063EE064}.Debug|Any CPU.Build.0 = Debug|Any CPU
		{7200B5D2-F2ED-42C2-A62B-1A60063EE064}.Release|Any CPU.ActiveCfg = Release|Any CPU
		{7200B5D2-F2ED-42C2-A62B-1A60063EE064}.Release|Any CPU.Build.0 = Release|Any CPU
		{54E0F399-3AF0-4152-994F-0B7550B98DEB}.Debug|Any CPU.ActiveCfg = Debug|Any CPU
		{54E0F399-3AF0-4152-994F-0B7550B98DEB}.Debug|Any CPU.Build.0 = Debug|Any CPU
		{54E0F399-3AF0-4152-994F-0B7550B98DEB}.Release|Any CPU.ActiveCfg = Release|Any CPU
		{54E0F399-3AF0-4152-994F-0B7550B98DEB}.Release|Any CPU.Build.0 = Release|Any CPU
		{33097BCA-5400-4379-8CD9-BF091FB526C1}.Debug|Any CPU.ActiveCfg = Debug|Any CPU
		{33097BCA-5400-4379-8CD9-BF091FB526C1}.Debug|Any CPU.Build.0 = Debug|Any CPU
		{33097BCA-5400-4379-8CD9-BF091FB526C1}.Release|Any CPU.ActiveCfg = Release|Any CPU
		{33097BCA-5400-4379-8CD9-BF091FB526C1}.Release|Any CPU.Build.0 = Release|Any CPU
		{DEB40D68-5682-444B-BE87-9274722B9F57}.Debug|Any CPU.ActiveCfg = Debug|Any CPU
		{DEB40D68-5682-444B-BE87-9274722B9F57}.Debug|Any CPU.Build.0 = Debug|Any CPU
		{DEB40D68-5682-444B-BE87-9274722B9F57}.Release|Any CPU.ActiveCfg = Release|Any CPU
		{DEB40D68-5682-444B-BE87-9274722B9F57}.Release|Any CPU.Build.0 = Release|Any CPU
		{38465876-2601-4C84-A9D1-423DEC532232}.Debug|Any CPU.ActiveCfg = Debug|Any CPU
		{38465876-2601-4C84-A9D1-423DEC532232}.Debug|Any CPU.Build.0 = Debug|Any CPU
		{38465876-2601-4C84-A9D1-423DEC532232}.Release|Any CPU.ActiveCfg = Release|Any CPU
		{38465876-2601-4C84-A9D1-423DEC532232}.Release|Any CPU.Build.0 = Release|Any CPU
	EndGlobalSection
	GlobalSection(SolutionProperties) = preSolution
		HideSolutionNode = FALSE
	EndGlobalSection
	GlobalSection(NestedProjects) = preSolution
		{099080C0-1F5D-4C79-9F3D-AC910E6598B0} = {B3169115-3E98-452C-AEAD-4F2362E7C892}
		{A3FC6F5E-289C-4E4A-9049-1C25E3ABDF98} = {B3169115-3E98-452C-AEAD-4F2362E7C892}
		{7EFB9464-71D5-4607-B4AF-2669C31266A2} = {B3169115-3E98-452C-AEAD-4F2362E7C892}
		{317025AC-9C65-4BE9-8BAD-B088F7505ACB} = {B3169115-3E98-452C-AEAD-4F2362E7C892}
		{28AC0E47-C74C-4F22-AEB1-52B81B4E2A3F} = {A3FC6F5E-289C-4E4A-9049-1C25E3ABDF98}
		{7200B5D2-F2ED-42C2-A62B-1A60063EE064} = {A3FC6F5E-289C-4E4A-9049-1C25E3ABDF98}
		{54E0F399-3AF0-4152-994F-0B7550B98DEB} = {7EFB9464-71D5-4607-B4AF-2669C31266A2}
		{33097BCA-5400-4379-8CD9-BF091FB526C1} = {7EFB9464-71D5-4607-B4AF-2669C31266A2}
		{DEB40D68-5682-444B-BE87-9274722B9F57} = {099080C0-1F5D-4C79-9F3D-AC910E6598B0}
		{38465876-2601-4C84-A9D1-423DEC532232} = {317025AC-9C65-4BE9-8BAD-B088F7505ACB}
	EndGlobalSection
	GlobalSection(ExtensibilityGlobals) = postSolution
		SolutionGuid = {3EAACC01-532D-4A53-B0AC-B319CA59F7EB}
	EndGlobalSection
EndGlobal
